{
  "requires": true,
  "lockfileVersion": 1,
  "dependencies": {
    "@types/node": {
      "version": "15.0.1",
      "resolved": "https://registry.nlark.com/@types/node/download/@types/node-15.0.1.tgz?cache=0&sync_timestamp=1619534647758&other_urls=https%3A%2F%2Fregistry.nlark.com%2F%40types%2Fnode%2Fdownload%2F%40types%2Fnode-15.0.1.tgz",
      "integrity": "sha1-7zTeoIgQKNETmL5b9OhWdD49w1o=",
      "dev": true
    }
  }
}
